
Microsoft Visual Studio Solution File, Format Version 12.00
# Visual Studio 2013
VisualStudioVersion = 12.0.40629.0
MinimumVisualStudioVersion = 10.0.40219.1
Project("{F184B08F-C81C-45F6-A57F-5ABD9991F28F}") = "Cuentas por Cobrar Masivos", "Cuentas por Cobrar Masivos\Cuentas por Cobrar Masivos.vbproj", "{15199A32-24BE-47DA-B15A-1B8688B9DF8B}"
EndProject
Project("{F184B08F-C81C-45F6-A57F-5ABD9991F28F}") = "libreria", "..\..\..\libreria\libreria\libreria\libreria.vbproj", "{BD727586-F9BF-4CA1-87E9-9C862ADCF070}"
EndProject
Global
	GlobalSection(SolutionConfigurationPlatforms) = preSolution
		Debug|Any CPU = Debug|Any CPU
		Debug|x64 = Debug|x64
		Debug|x86 = Debug|x86
		Release|Any CPU = Release|Any CPU
		Release|x64 = Release|x64
		Release|x86 = Release|x86
	EndGlobalSection
	GlobalSection(ProjectConfigurationPlatforms) = postSolution
		{15199A32-24BE-47DA-B15A-1B8688B9DF8B}.Debug|Any CPU.ActiveCfg = Debug|Any CPU
		{15199A32-24BE-47DA-B15A-1B8688B9DF8B}.Debug|Any CPU.Build.0 = Debug|Any CPU
		{15199A32-24BE-47DA-B15A-1B8688B9DF8B}.Debug|x64.ActiveCfg = Debug|Any CPU
		{15199A32-24BE-47DA-B15A-1B8688B9DF8B}.Debug|x86.ActiveCfg = Debug|Any CPU
		{15199A32-24BE-47DA-B15A-1B8688B9DF8B}.Release|Any CPU.ActiveCfg = Release|Any CPU
		{15199A32-24BE-47DA-B15A-1B8688B9DF8B}.Release|Any CPU.Build.0 = Release|Any CPU
		{15199A32-24BE-47DA-B15A-1B8688B9DF8B}.Release|x64.ActiveCfg = Release|Any CPU
		{15199A32-24BE-47DA-B15A-1B8688B9DF8B}.Release|x86.ActiveCfg = Release|Any CPU
		{BD727586-F9BF-4CA1-87E9-9C862ADCF070}.Debug|Any CPU.ActiveCfg = Debug|Any CPU
		{BD727586-F9BF-4CA1-87E9-9C862ADCF070}.Debug|Any CPU.Build.0 = Debug|Any CPU
		{BD727586-F9BF-4CA1-87E9-9C862ADCF070}.Debug|x64.ActiveCfg = Debug|x64
		{BD727586-F9BF-4CA1-87E9-9C862ADCF070}.Debug|x64.Build.0 = Debug|x64
		{BD727586-F9BF-4CA1-87E9-9C862ADCF070}.Debug|x86.ActiveCfg = Debug|x86
		{BD727586-F9BF-4CA1-87E9-9C862ADCF070}.Debug|x86.Build.0 = Debug|x86
		{BD727586-F9BF-4CA1-87E9-9C862ADCF070}.Release|Any CPU.ActiveCfg = Release|Any CPU
		{BD727586-F9BF-4CA1-87E9-9C862ADCF070}.Release|Any CPU.Build.0 = Release|Any CPU
		{BD727586-F9BF-4CA1-87E9-9C862ADCF070}.Release|x64.ActiveCfg = Release|x64
		{BD727586-F9BF-4CA1-87E9-9C862ADCF070}.Release|x64.Build.0 = Release|x64
		{BD727586-F9BF-4CA1-87E9-9C862ADCF070}.Release|x86.ActiveCfg = Release|x86
		{BD727586-F9BF-4CA1-87E9-9C862ADCF070}.Release|x86.Build.0 = Release|x86
	EndGlobalSection
	GlobalSection(SolutionProperties) = preSolution
		HideSolutionNode = FALSE
	EndGlobalSection
EndGlobal
